
Microsoft Visual Studio Solution File, Format Version 12.00
# Visual Studio 15
VisualStudioVersion = 15.0.28010.2016
MinimumVisualStudioVersion = 10.0.40219.1
Project("{FAE04EC0-301F-11D3-BF4B-00C04F79EFBC}") = "PutridParrot.Reflection", "PutridParrot.Reflection\PutridParrot.Reflection.csproj", "{9A513BFC-2906-4888-AC5A-9803A71004A8}"
EndProject
Project("{FAE04EC0-301F-11D3-BF4B-00C04F79EFBC}") = "PutridParrot.Reflection.4.7.1", "PutridParrot.Reflection.4.7.1\PutridParrot.Reflection.4.7.1.csproj", "{31E9204E-9BD3-496B-9F6C-4CF53CACCF5E}"
EndProject
Project("{FAE04EC0-301F-11D3-BF4B-00C04F79EFBC}") = "Tests.PutridParrot.Reflection", "Tests.PutridParrot.Reflection\Tests.PutridParrot.Reflection.csproj", "{C0105821-9066-432B-9C6E-03BF5CF407C3}"
EndProject
Global
	GlobalSection(SolutionConfigurationPlatforms) = preSolution
		Debug|Any CPU = Debug|Any CPU
		Release|Any CPU = Release|Any CPU
	EndGlobalSection
	GlobalSection(ProjectConfigurationPlatforms) = postSolution
		{9A513BFC-2906-4888-AC5A-9803A71004A8}.Debug|Any CPU.ActiveCfg = Debug|Any CPU
		{9A513BFC-2906-4888-AC5A-9803A71004A8}.Debug|Any CPU.Build.0 = Debug|Any CPU
		{9A513BFC-2906-4888-AC5A-9803A71004A8}.Release|Any CPU.ActiveCfg = Release|Any CPU
		{9A513BFC-2906-4888-AC5A-9803A71004A8}.Release|Any CPU.Build.0 = Release|Any CPU
		{31E9204E-9BD3-496B-9F6C-4CF53CACCF5E}.Debug|Any CPU.ActiveCfg = Debug|Any CPU
		{31E9204E-9BD3-496B-9F6C-4CF53CACCF5E}.Debug|Any CPU.Build.0 = Debug|Any CPU
		{31E9204E-9BD3-496B-9F6C-4CF53CACCF5E}.Release|Any CPU.ActiveCfg = Release|Any CPU
		{31E9204E-9BD3-496B-9F6C-4CF53CACCF5E}.Release|Any CPU.Build.0 = Release|Any CPU
		{C0105821-9066-432B-9C6E-03BF5CF407C3}.Debug|Any CPU.ActiveCfg = Debug|Any CPU
		{C0105821-9066-432B-9C6E-03BF5CF407C3}.Debug|Any CPU.Build.0 = Debug|Any CPU
		{C0105821-9066-432B-9C6E-03BF5CF407C3}.Release|Any CPU.ActiveCfg = Release|Any CPU
		{C0105821-9066-432B-9C6E-03BF5CF407C3}.Release|Any CPU.Build.0 = Release|Any CPU
	EndGlobalSection
	GlobalSection(SolutionProperties) = preSolution
		HideSolutionNode = FALSE
	EndGlobalSection
	GlobalSection(ExtensibilityGlobals) = postSolution
		SolutionGuid = {8A709471-CAA8-423B-AFDD-89659EDDA262}
	EndGlobalSection
EndGlobal
